
Microsoft Visual Studio Solution File, Format Version 12.00
# Visual Studio 15
VisualStudioVersion = 15.0.27130.2027
MinimumVisualStudioVersion = 10.0.40219.1
Project("{FAE04EC0-301F-11D3-BF4B-00C04F79EFBC}") = "tiger-island", "tiger-island\tiger-island.csproj", "{F5948767-9B05-4BBC-A97F-96DADC3C381E}"
EndProject
Global
	GlobalSection(SolutionConfigurationPlatforms) = preSolution
		Debug|Any CPU = Debug|Any CPU
		Release|Any CPU = Release|Any CPU
	EndGlobalSection
	GlobalSection(ProjectConfigurationPlatforms) = postSolution
		{F5948767-9B05-4BBC-A97F-96DADC3C381E}.Debug|Any CPU.ActiveCfg = Debug|Any CPU
		{F5948767-9B05-4BBC-A97F-96DADC3C381E}.Debug|Any CPU.Build.0 = Debug|Any CPU
		{F5948767-9B05-4BBC-A97F-96DADC3C381E}.Release|Any CPU.ActiveCfg = Release|Any CPU
		{F5948767-9B05-4BBC-A97F-96DADC3C381E}.Release|Any CPU.Build.0 = Release|Any CPU
	EndGlobalSection
	GlobalSection(SolutionProperties) = preSolution
		HideSolutionNode = FALSE
	EndGlobalSection
	GlobalSection(ExtensibilityGlobals) = postSolution
		SolutionGuid = {FB49E4E8-50E4-47EE-99F1-D3F6447F97BB}
	EndGlobalSection
EndGlobal
